
Microsoft Visual Studio Solution File, Format Version 12.00
# Visual Studio 15
VisualStudioVersion = 15.0.26124.0
MinimumVisualStudioVersion = 15.0.26124.0
Project("{2150E333-8FDC-42A3-9474-1A3956D46DE8}") = ".paket", ".paket", "{92403DEB-AC43-4674-B034-85421C6B49D6}"
	ProjectSection(SolutionItems) = preProject
		paket.dependencies = paket.dependencies
	EndProjectSection
EndProject
Project("{F2A71F9B-5D33-465A-A702-920D77279786}") = "SudokuLib", "SudokuLib\SudokuLib.fsproj", "{E68F3A64-6D11-4AF3-8CAE-0AB35EE0CA1B}"
EndProject
Project("{2150E333-8FDC-42A3-9474-1A3956D46DE8}") = "tests", "tests", "{08B6D697-FE6A-4C2C-AEF9-7E36ABAC9370}"
EndProject
Project("{F2A71F9B-5D33-465A-A702-920D77279786}") = "SudokuLib.Tests", "tests\SudokuLib.Tests\SudokuLib.Tests.fsproj", "{EE0F80A3-32E7-4C98-9D44-41B6EFB8C238}"
EndProject
Global
	GlobalSection(SolutionConfigurationPlatforms) = preSolution
		Debug|Any CPU = Debug|Any CPU
		Debug|x64 = Debug|x64
		Debug|x86 = Debug|x86
		Release|Any CPU = Release|Any CPU
		Release|x64 = Release|x64
		Release|x86 = Release|x86
	EndGlobalSection
	GlobalSection(SolutionProperties) = preSolution
		HideSolutionNode = FALSE
	EndGlobalSection
	GlobalSection(ProjectConfigurationPlatforms) = postSolution
		{E68F3A64-6D11-4AF3-8CAE-0AB35EE0CA1B}.Debug|Any CPU.ActiveCfg = Debug|Any CPU
		{E68F3A64-6D11-4AF3-8CAE-0AB35EE0CA1B}.Debug|Any CPU.Build.0 = Debug|Any CPU
		{E68F3A64-6D11-4AF3-8CAE-0AB35EE0CA1B}.Debug|x64.ActiveCfg = Debug|Any CPU
		{E68F3A64-6D11-4AF3-8CAE-0AB35EE0CA1B}.Debug|x64.Build.0 = Debug|Any CPU
		{E68F3A64-6D11-4AF3-8CAE-0AB35EE0CA1B}.Debug|x86.ActiveCfg = Debug|Any CPU
		{E68F3A64-6D11-4AF3-8CAE-0AB35EE0CA1B}.Debug|x86.Build.0 = Debug|Any CPU
		{E68F3A64-6D11-4AF3-8CAE-0AB35EE0CA1B}.Release|Any CPU.ActiveCfg = Release|Any CPU
		{E68F3A64-6D11-4AF3-8CAE-0AB35EE0CA1B}.Release|Any CPU.Build.0 = Release|Any CPU
		{E68F3A64-6D11-4AF3-8CAE-0AB35EE0CA1B}.Release|x64.ActiveCfg = Release|Any CPU
		{E68F3A64-6D11-4AF3-8CAE-0AB35EE0CA1B}.Release|x64.Build.0 = Release|Any CPU
		{E68F3A64-6D11-4AF3-8CAE-0AB35EE0CA1B}.Release|x86.ActiveCfg = Release|Any CPU
		{E68F3A64-6D11-4AF3-8CAE-0AB35EE0CA1B}.Release|x86.Build.0 = Release|Any CPU
		{EE0F80A3-32E7-4C98-9D44-41B6EFB8C238}.Debug|Any CPU.ActiveCfg = Debug|Any CPU
		{EE0F80A3-32E7-4C98-9D44-41B6EFB8C238}.Debug|Any CPU.Build.0 = Debug|Any CPU
		{EE0F80A3-32E7-4C98-9D44-41B6EFB8C238}.Debug|x64.ActiveCfg = Debug|Any CPU
		{EE0F80A3-32E7-4C98-9D44-41B6EFB8C238}.Debug|x64.Build.0 = Debug|Any CPU
		{EE0F80A3-32E7-4C98-9D44-41B6EFB8C238}.Debug|x86.ActiveCfg = Debug|Any CPU
		{EE0F80A3-32E7-4C98-9D44-41B6EFB8C238}.Debug|x86.Build.0 = Debug|Any CPU
		{EE0F80A3-32E7-4C98-9D44-41B6EFB8C238}.Release|Any CPU.ActiveCfg = Release|Any CPU
		{EE0F80A3-32E7-4C98-9D44-41B6EFB8C238}.Release|Any CPU.Build.0 = Release|Any CPU
		{EE0F80A3-32E7-4C98-9D44-41B6EFB8C238}.Release|x64.ActiveCfg = Release|Any CPU
		{EE0F80A3-32E7-4C98-9D44-41B6EFB8C238}.Release|x64.Build.0 = Release|Any CPU
		{EE0F80A3-32E7-4C98-9D44-41B6EFB8C238}.Release|x86.ActiveCfg = Release|Any CPU
		{EE0F80A3-32E7-4C98-9D44-41B6EFB8C238}.Release|x86.Build.0 = Release|Any CPU
	EndGlobalSection
	GlobalSection(NestedProjects) = preSolution
		{EE0F80A3-32E7-4C98-9D44-41B6EFB8C238} = {08B6D697-FE6A-4C2C-AEF9-7E36ABAC9370}
	EndGlobalSection
EndGlobal
